[[package]]
name = "appnope"
version = "0.1.2"
description = "Disable App Nap on macOS >= 10.9"
category = "dev"
optional = false
python-versions = "*"

[[package]]
name = "asgiref"
version = "3.3.1"
description = "ASGI specs, helper code, and adapters"
category = "main"
optional = false
python-versions = ">=3.5"

[package.extras]
tests = ["pytest", "pytest-asyncio"]

[[package]]
name = "astroid"
version = "2.4.2"
description = "An abstract syntax tree for Python with inference support."
category = "dev"
optional = false
python-versions = ">=3.5"

[package.dependencies]
lazy-object-proxy = ">=1.4.0,<1.5.0"
six = ">=1.12,<2.0"
typed-ast = {version = ">=1.4.0,<1.5", markers = "implementation_name == \"cpython\" and python_version < \"3.8\""}
wrapt = ">=1.11,<2.0"

[[package]]
name = "asttokens"
version = "2.0.4"
description = "Annotate AST trees with source code positions"
category = "dev"
optional = false
python-versions = "*"

[package.dependencies]
six = "*"

[package.extras]
test = ["astroid", "pytest"]

[[package]]
name = "atomicwrites"
version = "1.4.0"
description = "Atomic file writes."
category = "dev"
optional = false
python-versions = ">=2.7, !=3.0.*, !=3.1.*, !=3.2.*, !=3.3.*"

[[package]]
name = "attrs"
version = "20.3.0"
description = "Classes Without Boilerplate"
category = "dev"
optional = false
python-versions = ">=2.7, !=3.0.*, !=3.1.*, !=3.2.*, !=3.3.*"

[package.extras]
dev = ["coverage[toml] (>=5.0.2)", "hypothesis", "pympler", "pytest (>=4.3.0)", "six", "zope.interface", "furo", "sphinx", "pre-commit"]
docs = ["furo", "sphinx", "zope.interface"]
tests = ["coverage[toml] (>=5.0.2)", "hypothesis", "pympler", "pytest (>=4.3.0)", "six", "zope.interface"]
tests_no_zope = ["coverage[toml] (>=5.0.2)", "hypothesis", "pympler", "pytest (>=4.3.0)", "six"]

[[package]]
name = "backcall"
version = "0.2.0"
description = "Specifications for callback functions passed in to an API"
category = "dev"
optional = false
python-versions = "*"

[[package]]
name = "colorama"
version = "0.4.4"
description = "Cross-platform colored terminal text."
category = "dev"
optional = false
python-versions = ">=2.7, !=3.0.*, !=3.1.*, !=3.2.*, !=3.3.*, !=3.4.*"

[[package]]
name = "decorator"
version = "4.4.2"
description = "Decorators for Humans"
category = "dev"
optional = false
python-versions = ">=2.6, !=3.0.*, !=3.1.*"

[[package]]
name = "django"
version = "3.1.6"
description = "A high-level Python Web framework that encourages rapid development and clean, pragmatic design."
category = "main"
optional = false
python-versions = ">=3.6"

[package.dependencies]
asgiref = ">=3.2.10,<4"
pytz = "*"
sqlparse = ">=0.2.2"

[package.extras]
argon2 = ["argon2-cffi (>=16.1.0)"]
bcrypt = ["bcrypt"]

[[package]]
name = "djangorestframework"
version = "3.12.2"
description = "Web APIs for Django, made easy."
category = "main"
optional = true
python-versions = ">=3.5"

[package.dependencies]
django = ">=2.2"

[[package]]
name = "executing"
version = "0.5.4"
description = "Get the currently executing AST node of a frame, and other information"
category = "dev"
optional = false
python-versions = "*"

[[package]]
name = "flipt-grpc-python3"
version = "0.1.0"
description = ""
category = "main"
optional = false
python-versions = ">=2.7, !=3.0.*, !=3.1.*, !=3.2.*, !=3.3.*, !=3.4.*"

[package.dependencies]
grpcio = ">=1.28.1,<2.0.0"
grpcio-tools = ">=1.28.1,<2.0.0"
protoc-gen-swagger = ">=0.1.0,<0.2.0"

[[package]]
name = "grpcio"
version = "1.35.0"
description = "HTTP/2-based RPC framework"
category = "main"
optional = false
python-versions = "*"

[package.dependencies]
six = ">=1.5.2"

[package.extras]
protobuf = ["grpcio-tools (>=1.35.0)"]

[[package]]
name = "grpcio-tools"
version = "1.35.0"
description = "Protobuf code generator for gRPC"
category = "main"
optional = false
python-versions = "*"

[package.dependencies]
grpcio = ">=1.35.0"
protobuf = ">=3.5.0.post1,<4.0dev"

[[package]]
name = "icecream"
version = "2.1.0"
description = "Never use print() to debug again; inspect variables, expressions, and program execution with a single, simple function call."
category = "dev"
optional = false
python-versions = "*"

[package.dependencies]
asttokens = ">=2.0.1"
colorama = ">=0.3.9"
executing = ">=0.3.1"
pygments = ">=2.2.0"

[[package]]
name = "importlib-metadata"
version = "3.4.0"
description = "Read metadata from Python packages"
category = "dev"
optional = false
python-versions = ">=3.6"

[package.dependencies]
typing-extensions = {version = ">=3.6.4", markers = "python_version < \"3.8\""}
zipp = ">=0.5"

[package.extras]
docs = ["sphinx", "jaraco.packaging (>=8.2)", "rst.linker (>=1.9)"]
testing = ["pytest (>=3.5,!=3.7.3)", "pytest-checkdocs (>=1.2.3)", "pytest-flake8", "pytest-cov", "pytest-enabler", "packaging", "pep517", "pyfakefs", "flufl.flake8", "pytest-black (>=0.3.7)", "pytest-mypy", "importlib-resources (>=1.3)"]

[[package]]
name = "ipdb"
version = "0.13.4"
description = "IPython-enabled pdb"
category = "dev"
optional = false
python-versions = ">=2.7"

[package.dependencies]
ipython = {version = ">=5.1.0", markers = "python_version >= \"3.4\""}

[[package]]
name = "ipython"
version = "7.16.1"
description = "IPython: Productive Interactive Computing"
category = "dev"
optional = false
python-versions = ">=3.6"

[package.dependencies]
appnope = {version = "*", markers = "sys_platform == \"darwin\""}
backcall = "*"
colorama = {version = "*", markers = "sys_platform == \"win32\""}
decorator = "*"
jedi = ">=0.10"
pexpect = {version = "*", markers = "sys_platform != \"win32\""}
pickleshare = "*"
prompt-toolkit = ">=2.0.0,<3.0.0 || >3.0.0,<3.0.1 || >3.0.1,<3.1.0"
pygments = "*"
traitlets = ">=4.2"

[package.extras]
all = ["Sphinx (>=1.3)", "ipykernel", "ipyparallel", "ipywidgets", "nbconvert", "nbformat", "nose (>=0.10.1)", "notebook", "numpy (>=1.14)", "pygments", "qtconsole", "requests", "testpath"]
doc = ["Sphinx (>=1.3)"]
kernel = ["ipykernel"]
nbconvert = ["nbconvert"]
nbformat = ["nbformat"]
notebook = ["notebook", "ipywidgets"]
parallel = ["ipyparallel"]
qtconsole = ["qtconsole"]
test = ["nose (>=0.10.1)", "requests", "testpath", "pygments", "nbformat", "ipykernel", "numpy (>=1.14)"]

[[package]]
name = "ipython-genutils"
version = "0.2.0"
description = "Vestigial utilities from IPython"
category = "dev"
optional = false
python-versions = "*"

[[package]]
name = "isort"
version = "5.7.0"
description = "A Python utility / library to sort Python imports."
category = "dev"
optional = false
python-versions = ">=3.6,<4.0"

[package.extras]
pipfile_deprecated_finder = ["pipreqs", "requirementslib"]
requirements_deprecated_finder = ["pipreqs", "pip-api"]
colors = ["colorama (>=0.4.3,<0.5.0)"]

[[package]]
name = "jedi"
version = "0.18.0"
description = "An autocompletion tool for Python that can be used for text editors."
category = "dev"
optional = false
python-versions = ">=3.6"

[package.dependencies]
parso = ">=0.8.0,<0.9.0"

[package.extras]
qa = ["flake8 (==3.8.3)", "mypy (==0.782)"]
testing = ["Django (<3.1)", "colorama", "docopt", "pytest (<6.0.0)"]

[[package]]
name = "lazy-object-proxy"
version = "1.4.3"
description = "A fast and thorough lazy object proxy."
category = "dev"
optional = false
python-versions = ">=2.7, !=3.0.*, !=3.1.*, !=3.2.*, !=3.3.*"

[[package]]
name = "mccabe"
version = "0.6.1"
description = "McCabe checker, plugin for flake8"
category = "dev"
optional = false
python-versions = "*"

[[package]]
name = "more-itertools"
version = "8.6.0"
description = "More routines for operating on iterables, beyond itertools"
category = "dev"
optional = false
python-versions = ">=3.5"

[[package]]
name = "packaging"
version = "20.9"
description = "Core utilities for Python packages"
category = "dev"
optional = false
python-versions = ">=2.7, !=3.0.*, !=3.1.*, !=3.2.*, !=3.3.*"

[package.dependencies]
pyparsing = ">=2.0.2"

[[package]]
name = "parso"
version = "0.8.1"
description = "A Python Parser"
category = "dev"
optional = false
python-versions = ">=3.6"

[package.extras]
qa = ["flake8 (==3.8.3)", "mypy (==0.782)"]
testing = ["docopt", "pytest (<6.0.0)"]

[[package]]
name = "pexpect"
version = "4.8.0"
description = "Pexpect allows easy control of interactive console applications."
category = "dev"
optional = false
python-versions = "*"

[package.dependencies]
ptyprocess = ">=0.5"

[[package]]
name = "pickleshare"
version = "0.7.5"
description = "Tiny 'shelve'-like database with concurrency support"
category = "dev"
optional = false
python-versions = "*"

[[package]]
name = "pluggy"
version = "0.13.1"
description = "plugin and hook calling mechanisms for python"
category = "dev"
optional = false
python-versions = ">=2.7, !=3.0.*, !=3.1.*, !=3.2.*, !=3.3.*"

[package.dependencies]
importlib-metadata = {version = ">=0.12", markers = "python_version < \"3.8\""}

[package.extras]
dev = ["pre-commit", "tox"]

[[package]]
name = "prompt-toolkit"
version = "3.0.3"
description = "Library for building powerful interactive command lines in Python"
category = "dev"
optional = false
python-versions = ">=3.6"

[package.dependencies]
wcwidth = "*"

[[package]]
name = "protobuf"
version = "3.14.0"
description = "Protocol Buffers"
category = "main"
optional = false
python-versions = "*"

[package.dependencies]
six = ">=1.9"

[[package]]
name = "protoc-gen-swagger"
version = "0.1.0"
description = "A python package for swagger annotation proto files."
category = "main"
optional = false
python-versions = "*"

[package.dependencies]
protobuf = ">=3.0.0"

[[package]]
name = "ptyprocess"
version = "0.7.0"
description = "Run a subprocess in a pseudo terminal"
category = "dev"
optional = false
python-versions = "*"

[[package]]
name = "py"
version = "1.10.0"
description = "library with cross-python path, ini-parsing, io, code, log facilities"
category = "dev"
optional = false
python-versions = ">=2.7, !=3.0.*, !=3.1.*, !=3.2.*, !=3.3.*"

[[package]]
name = "pygments"
version = "2.7.4"
description = "Pygments is a syntax highlighting package written in Python."
category = "dev"
optional = false
python-versions = ">=3.5"

[[package]]
name = "pylint"
version = "2.6.0"
description = "python code static checker"
category = "dev"
optional = false
python-versions = ">=3.5.*"

[package.dependencies]
astroid = ">=2.4.0,<=2.5"
colorama = {version = "*", markers = "sys_platform == \"win32\""}
isort = ">=4.2.5,<6"
mccabe = ">=0.6,<0.7"
toml = ">=0.7.1"

[[package]]
name = "pyparsing"
version = "2.4.7"
description = "Python parsing module"
category = "dev"
optional = false
python-versions = ">=2.6, !=3.0.*, !=3.1.*, !=3.2.*"

[[package]]
name = "pytest"
version = "5.4.3"
description = "pytest: simple powerful testing with Python"
category = "dev"
optional = false
python-versions = ">=3.5"

[package.dependencies]
atomicwrites = {version = ">=1.0", markers = "sys_platform == \"win32\""}
attrs = ">=17.4.0"
colorama = {version = "*", markers = "sys_platform == \"win32\""}
importlib-metadata = {version = ">=0.12", markers = "python_version < \"3.8\""}
more-itertools = ">=4.0.0"
packaging = "*"
pluggy = ">=0.12,<1.0"
py = ">=1.5.0"
wcwidth = "*"

[package.extras]
checkqa-mypy = ["mypy (==v0.761)"]
testing = ["argcomplete", "hypothesis (>=3.56)", "mock", "nose", "requests", "xmlschema"]

[[package]]
name = "pytz"
version = "2021.1"
description = "World timezone definitions, modern and historical"
category = "main"
optional = false
python-versions = "*"

[[package]]
name = "six"
version = "1.15.0"
description = "Python 2 and 3 compatibility utilities"
category = "main"
optional = false
python-versions = ">=2.7, !=3.0.*, !=3.1.*, !=3.2.*"

[[package]]
name = "sqlparse"
version = "0.4.1"
description = "A non-validating SQL parser."
category = "main"
optional = false
python-versions = ">=3.5"

[[package]]
name = "toml"
version = "0.10.2"
description = "Python Library for Tom's Obvious, Minimal Language"
category = "dev"
optional = false
python-versions = ">=2.6, !=3.0.*, !=3.1.*, !=3.2.*"

[[package]]
name = "traitlets"
version = "4.3.3"
description = "Traitlets Python config system"
category = "dev"
optional = false
python-versions = "*"

[package.dependencies]
decorator = "*"
ipython-genutils = "*"
six = "*"

[package.extras]
test = ["pytest", "mock"]

[[package]]
name = "typed-ast"
version = "1.4.2"
description = "a fork of Python 2 and 3 ast modules with type comment support"
category = "dev"
optional = false
python-versions = "*"

[[package]]
name = "typing-extensions"
version = "3.7.4.3"
description = "Backported and Experimental Type Hints for Python 3.5+"
category = "dev"
optional = false
python-versions = "*"

[[package]]
name = "wcwidth"
version = "0.2.5"
description = "Measures the displayed width of unicode strings in a terminal"
category = "dev"
optional = false
python-versions = "*"

[[package]]
name = "wrapt"
version = "1.12.1"
description = "Module for decorators, wrappers and monkey patching."
category = "dev"
optional = false
python-versions = "*"

[[package]]
name = "zipp"
version = "3.4.0"
description = "Backport of pathlib-compatible object wrapper for zip files"
category = "dev"
optional = false
python-versions = ">=3.6"

[package.extras]
docs = ["sphinx", "jaraco.packaging (>=3.2)", "rst.linker (>=1.9)"]
testing = ["pytest (>=3.5,!=3.7.3)", "pytest-checkdocs (>=1.2.3)", "pytest-flake8", "pytest-cov", "jaraco.test (>=3.2.0)", "jaraco.itertools", "func-timeout", "pytest-black (>=0.3.7)", "pytest-mypy"]

[extras]
rest = ["djangorestframework"]

[metadata]
lock-version = "1.1"
python-versions = "^3.6"
content-hash = "54e3c5338f6293cfe6f393110a9954425e07283c63eec094cb9d4eb7afa4291e"

[metadata.files]
appnope = [
    {file = "appnope-0.1.2-py2.py3-none-any.whl", hash = "sha256:93aa393e9d6c54c5cd570ccadd8edad61ea0c4b9ea7a01409020c9aa019eb442"},
    {file = "appnope-0.1.2.tar.gz", hash = "sha256:dd83cd4b5b460958838f6eb3000c660b1f9caf2a5b1de4264e941512f603258a"},
]
asgiref = [
    {file = "asgiref-3.3.1-py3-none-any.whl", hash = "sha256:5ee950735509d04eb673bd7f7120f8fa1c9e2df495394992c73234d526907e17"},
    {file = "asgiref-3.3.1.tar.gz", hash = "sha256:7162a3cb30ab0609f1a4c95938fd73e8604f63bdba516a7f7d64b83ff09478f0"},
]
astroid = [
    {file = "astroid-2.4.2-py3-none-any.whl", hash = "sha256:bc58d83eb610252fd8de6363e39d4f1d0619c894b0ed24603b881c02e64c7386"},
    {file = "astroid-2.4.2.tar.gz", hash = "sha256:2f4078c2a41bf377eea06d71c9d2ba4eb8f6b1af2135bec27bbbb7d8f12bb703"},
]
asttokens = [
    {file = "asttokens-2.0.4-py2.py3-none-any.whl", hash = "sha256:766d3352908730efb20b95ae22db0f1cb1bedb67c6071fcffb5c236ea673f2f7"},
    {file = "asttokens-2.0.4.tar.gz", hash = "sha256:a42e57e28f2ac1c85ed9b1f84109401427e5c63c04f61d15b8842b027eec5128"},
]
atomicwrites = [
    {file = "atomicwrites-1.4.0-py2.py3-none-any.whl", hash = "sha256:6d1784dea7c0c8d4a5172b6c620f40b6e4cbfdf96d783691f2e1302a7b88e197"},
    {file = "atomicwrites-1.4.0.tar.gz", hash = "sha256:ae70396ad1a434f9c7046fd2dd196fc04b12f9e91ffb859164193be8b6168a7a"},
]
attrs = [
    {file = "attrs-20.3.0-py2.py3-none-any.whl", hash = "sha256:31b2eced602aa8423c2aea9c76a724617ed67cf9513173fd3a4f03e3a929c7e6"},
    {file = "attrs-20.3.0.tar.gz", hash = "sha256:832aa3cde19744e49938b91fea06d69ecb9e649c93ba974535d08ad92164f700"},
]
backcall = [
    {file = "backcall-0.2.0-py2.py3-none-any.whl", hash = "sha256:fbbce6a29f263178a1f7915c1940bde0ec2b2a967566fe1c65c1dfb7422bd255"},
    {file = "backcall-0.2.0.tar.gz", hash = "sha256:5cbdbf27be5e7cfadb448baf0aa95508f91f2bbc6c6437cd9cd06e2a4c215e1e"},
]
colorama = [
    {file = "colorama-0.4.4-py2.py3-none-any.whl", hash = "sha256:9f47eda37229f68eee03b24b9748937c7dc3868f906e8ba69fbcbdd3bc5dc3e2"},
    {file = "colorama-0.4.4.tar.gz", hash = "sha256:5941b2b48a20143d2267e95b1c2a7603ce057ee39fd88e7329b0c292aa16869b"},
]
decorator = [
    {file = "decorator-4.4.2-py2.py3-none-any.whl", hash = "sha256:41fa54c2a0cc4ba648be4fd43cff00aedf5b9465c9bf18d64325bc225f08f760"},
    {file = "decorator-4.4.2.tar.gz", hash = "sha256:e3a62f0520172440ca0dcc823749319382e377f37f140a0b99ef45fecb84bfe7"},
]
django = [
    {file = "Django-3.1.6-py3-none-any.whl", hash = "sha256:169e2e7b4839a7910b393eec127fd7cbae62e80fa55f89c6510426abf673fe5f"},
    {file = "Django-3.1.6.tar.gz", hash = "sha256:c6c0462b8b361f8691171af1fb87eceb4442da28477e12200c40420176206ba7"},
]
djangorestframework = [
    {file = "djangorestframework-3.12.2-py3-none-any.whl", hash = "sha256:0209bafcb7b5010fdfec784034f059d512256424de2a0f084cb82b096d6dd6a7"},
    {file = "djangorestframework-3.12.2.tar.gz", hash = "sha256:0898182b4737a7b584a2c73735d89816343369f259fea932d90dc78e35d8ac33"},
]
executing = [
    {file = "executing-0.5.4-py3-none-any.whl", hash = "sha256:b96545c606c410e2b8500ef6e3f548d8678e1cb7a561dbcf46e16c19eed10c4e"},
    {file = "executing-0.5.4.tar.gz", hash = "sha256:07b71adef0399e8579fa0165db5e5f8e9dd961fa66572664de95c838879768eb"},
]
flipt-grpc-python3 = [
    {file = "flipt-grpc-python3-0.1.0.tar.gz", hash = "sha256:41acca842eb04258f4b43d64d514b2466975b4f59d7cee3c1191aed704934abf"},
    {file = "flipt_grpc_python3-0.1.0-py2.py3-none-any.whl", hash = "sha256:30d15b6de69d851f407206d1750eb8212eadcd9246c05d00e5fbf572197fc181"},
]
grpcio = [
    {file = "grpcio-1.35.0-cp27-cp27m-macosx_10_10_x86_64.whl", hash = "sha256:95cc4d2067deced18dc807442cf8062a93389a86abf8d40741120054389d3f29"},
    {file = "grpcio-1.35.0-cp27-cp27m-manylinux2010_i686.whl", hash = "sha256:d186a0ce291f4386e28a7042ec31c85250b0c2e25d2794b87fa3c15ff473c46c"},
    {file = "grpcio-1.35.0-cp27-cp27m-manylinux2010_x86_64.whl", hash = "sha256:c8d0a6a58a42275c6cb616e7cb9f9fcf5eba1e809996546e561cd818b8f7cff7"},
    {file = "grpcio-1.35.0-cp27-cp27m-win32.whl", hash = "sha256:8d08f90d72a8e8d9af087476337da76d26749617b0a092caff4e684ce267af21"},
    {file = "grpcio-1.35.0-cp27-cp27m-win_amd64.whl", hash = "sha256:0072ec4563ab4268c4c32e936955085c2d41ea175b662363496daedd2273372c"},
    {file = "grpcio-1.35.0-cp27-cp27mu-linux_armv7l.whl", hash = "sha256:aca45d2ccb693c9227fbf21144891422a42dc4b76b52af8dd1d4e43afebe321d"},
    {file = "grpcio-1.35.0-cp27-cp27mu-manylinux2010_i686.whl", hash = "sha256:87147b1b306c88fe7dca7e3dff8aefd1e63d6aed86e224f9374ddf283f17d7f1"},
    {file = "grpcio-1.35.0-cp27-cp27mu-manylinux2010_x86_64.whl", hash = "sha256:22edfc278070d54f3ab7f741904e09155a272fe934e842babbf84476868a50de"},
    {file = "grpcio-1.35.0-cp35-cp35m-linux_armv7l.whl", hash = "sha256:f3654a52f72ba28953dbe2e93208099f4903f4b3c07dc7ff4db671c92968111d"},
    {file = "grpcio-1.35.0-cp35-cp35m-macosx_10_10_intel.whl", hash = "sha256:dc2589370ef84eb1cc53530070d658a7011d2ee65f18806581809c11cd016136"},
    {file = "grpcio-1.35.0-cp35-cp35m-manylinux2010_i686.whl", hash = "sha256:f0c27fd16582a303e5baf6cffd9345c9ac5f855d69a51232664a0b888a77ba80"},
    {file = "grpcio-1.35.0-cp35-cp35m-manylinux2010_x86_64.whl", hash = "sha256:b2985f73611b637271b00d9c4f177e65cc3193269bc9760f16262b1a12757265"},
    {file = "grpcio-1.35.0-cp35-cp35m-manylinux2014_i686.whl", hash = "sha256:acb489b7aafdcf960f1a0000a1f22b45e5b6ccdf8dba48f97617d627f4133195"},
    {file = "grpcio-1.35.0-cp35-cp35m-manylinux2014_x86_64.whl", hash = "sha256:16fd33030944672e49e0530dec2c60cd4089659ccdf327e99569b3b29246a0b6"},
    {file = "grpcio-1.35.0-cp35-cp35m-win32.whl", hash = "sha256:1757e81c09132851e85495b802fe4d4fbef3547e77fa422a62fb4f7d51785be0"},
    {file = "grpcio-1.35.0-cp35-cp35m-win_amd64.whl", hash = "sha256:35b72884e09cbc46c564091f4545a39fa66d132c5676d1a6e827517fff47f2c1"},
    {file = "grpcio-1.35.0-cp36-cp36m-linux_armv7l.whl", hash = "sha256:17940a7dc461066f28816df48be44f24d3b9f150db344308ee2aeae033e1af0b"},
    {file = "grpcio-1.35.0-cp36-cp36m-macosx_10_10_x86_64.whl", hash = "sha256:75ea903edc42a8c6ec61dbc5f453febd79d8bdec0e1bad6df7088c34282e8c42"},
    {file = "grpcio-1.35.0-cp36-cp36m-manylinux2010_i686.whl", hash = "sha256:b180a3ec4a5d6f96d3840c83e5f8ab49afac9fa942921e361b451d7a024efb00"},
    {file = "grpcio-1.35.0-cp36-cp36m-manylinux2010_x86_64.whl", hash = "sha256:e163c27d2062cd3eb07057f23f8d1330925beaba16802312b51b4bad33d74098"},
    {file = "grpcio-1.35.0-cp36-cp36m-manylinux2014_i686.whl", hash = "sha256:764b50ba1a15a2074cdd1a841238f2dead0a06529c495a46821fae84cb9c7342"},
    {file = "grpcio-1.35.0-cp36-cp36m-manylinux2014_x86_64.whl", hash = "sha256:088c8bea0f6b596937fefacf2c8df97712e7a3dd49496975049cc95dbf02af1a"},
    {file = "grpcio-1.35.0-cp36-cp36m-win32.whl", hash = "sha256:1aa53f82362c7f2791fe0cdd9a3b3aec325c11d8f0dfde600f91907dfaa8546b"},
    {file = "grpcio-1.35.0-cp36-cp36m-win_amd64.whl", hash = "sha256:efb3d67405eb8030db6f27920b4be023fabfb5d4e09c34deab094a7c473a5472"},
    {file = "grpcio-1.35.0-cp37-cp37m-macosx_10_10_x86_64.whl", hash = "sha256:44aaa6148d18a8e836f99dadcdec17b27bc7ec0995b2cc12c94e61826040ec90"},
    {file = "grpcio-1.35.0-cp37-cp37m-manylinux2010_i686.whl", hash = "sha256:18ad7644e23757420ea839ac476ef861e4f4841c8566269b7c91c100ca1943b3"},
    {file = "grpcio-1.35.0-cp37-cp37m-manylinux2010_x86_64.whl", hash = "sha256:859a0ceb23d7189362cc06fe7e906e9ed5c7a8f3ac960cc04ce13fe5847d0b62"},
    {file = "grpcio-1.35.0-cp37-cp37m-manylinux2014_i686.whl", hash = "sha256:3e7d4428ed752fdfe2dddf2a404c93d3a2f62bf4b9109c0c10a850c698948891"},
    {file = "grpcio-1.35.0-cp37-cp37m-manylinux2014_x86_64.whl", hash = "sha256:a36151c335280b09afd5123f3b25085027ae2b10682087a4342fb6f635b928fb"},
    {file = "grpcio-1.35.0-cp37-cp37m-win32.whl", hash = "sha256:dfecb2acd3acb8bb50e9aa31472c6e57171d97c1098ee67cd283a6fe7d56a926"},
    {file = "grpcio-1.35.0-cp37-cp37m-win_amd64.whl", hash = "sha256:e87e55fba98ebd7b4c614dcef9940dc2a7e057ad8bba5f91554934d47319a35b"},
    {file = "grpcio-1.35.0-cp38-cp38-macosx_10_10_x86_64.whl", hash = "sha256:da44bf613eed5d9e8df0785463e502a416de1be6e4ac31edbe99c9111abaed5f"},
    {file = "grpcio-1.35.0-cp38-cp38-manylinux2010_i686.whl", hash = "sha256:9e503eaf853199804a954dc628c5207e67d6c7848dcba42a997fbe718618a2b1"},
    {file = "grpcio-1.35.0-cp38-cp38-manylinux2010_x86_64.whl", hash = "sha256:6ba3d7acf70acde9ce27e22921db921b84a71be578b32739536c32377b65041a"},
    {file = "grpcio-1.35.0-cp38-cp38-manylinux2014_i686.whl", hash = "sha256:048c01d1eb5c2ae7cba2254b98938d2fc81f6dc10d172d9261d65266adb0fdb3"},
    {file = "grpcio-1.35.0-cp38-cp38-manylinux2014_x86_64.whl", hash = "sha256:efd896e8ca7adb2654cf014479a5e1f74e4f776b6b2c0fbf95a6c92787a6631a"},
    {file = "grpcio-1.35.0-cp38-cp38-win32.whl", hash = "sha256:8a29a26b9f39701ce15aa1d5aa5e96e0b5f7028efe94f95341a4ed8dbe4bed78"},
    {file = "grpcio-1.35.0-cp38-cp38-win_amd64.whl", hash = "sha256:aea3d592a7ece84739b92d212cd16037c51d84a259414f64b51c14e946611f3d"},
    {file = "grpcio-1.35.0-cp39-cp39-macosx_10_10_x86_64.whl", hash = "sha256:2f8e8d35d4799aa1627a212dbe8546594abf4064056415c31bd1b3b8f2a62027"},
    {file = "grpcio-1.35.0-cp39-cp39-manylinux2010_i686.whl", hash = "sha256:9f0da13b215068e7434b161a35d0b4e92140ffcfa33ddda9c458199ea1d7ce45"},
    {file = "grpcio-1.35.0-cp39-cp39-manylinux2010_x86_64.whl", hash = "sha256:7ae408780b79c9b9b91a2592abd1d7abecd05675d988ea75038580f420966b59"},
    {file = "grpcio-1.35.0-cp39-cp39-manylinux2014_i686.whl", hash = "sha256:0f714e261e1d63615476cda4ee808a79cca62f8f09e2943c136c2f87ec5347b1"},
    {file = "grpcio-1.35.0-cp39-cp39-manylinux2014_x86_64.whl", hash = "sha256:7ee7d54da9d176d3c9a0f47c04d7ff6fdc6ee1c17643caff8c33d6c8a70678a4"},
    {file = "grpcio-1.35.0-cp39-cp39-win32.whl", hash = "sha256:94c3b81089a86d3c5877d22b07ebc66b5ed1d84771e24b001844e29a5b6178dd"},
    {file = "grpcio-1.35.0-cp39-cp39-win_amd64.whl", hash = "sha256:399ee377b312ac652b07ef4365bbbba009da361fa7708c4d3d4ce383a1534ea7"},
    {file = "grpcio-1.35.0.tar.gz", hash = "sha256:7bd0ebbb14dde78bf66a1162efd29d3393e4e943952e2f339757aa48a184645c"},
]
grpcio-tools = [
    {file = "grpcio-tools-1.35.0.tar.gz", hash = "sha256:9e2a41cba9c5a20ae299d0fdd377fe231434fa04cbfbfb3807293c6ec10b03cf"},
    {file = "grpcio_tools-1.35.0-cp27-cp27m-macosx_10_10_x86_64.whl", hash = "sha256:cfa49e6d62b313862a6007ae02016bd89a2fa184b0aab0d0e524cb24ecc2fdb4"},
    {file = "grpcio_tools-1.35.0-cp27-cp27m-manylinux2010_i686.whl", hash = "sha256:f66cd905ffcbe2294c9dee6d0de8064c3a49861a9b1770c18cb8a15be3bc0da5"},
    {file = "grpcio_tools-1.35.0-cp27-cp27m-manylinux2010_x86_64.whl", hash = "sha256:56663ba4a49ca585e4333dfebc5ed7e91ad3d75b838aced4f922fb4e365376cc"},
    {file = "grpcio_tools-1.35.0-cp27-cp27m-win32.whl", hash = "sha256:252bfaa0004d80d927a77998c8b3a81fb47620e41af1664bdba8837d722c4ead"},
    {file = "grpcio_tools-1.35.0-cp27-cp27m-win_amd64.whl", hash = "sha256:ffa66fc4e80aff4f68599e786aa3295f4a0d6761ed63d75c32261f5de77aa0fd"},
    {file = "grpcio_tools-1.35.0-cp27-cp27mu-linux_armv7l.whl", hash = "sha256:3cea2d07343801cb2a0d2f71fe7d6d7ffa6fe8fc0e1f6243c6867d0bb04557a1"},
    {file = "grpcio_tools-1.35.0-cp27-cp27mu-manylinux2010_i686.whl", hash = "sha256:15c37528936774d8f734d75540848134fb5710ca27801ce4ac73c8a6cca0494e"},
    {file = "grpcio_tools-1.35.0-cp27-cp27mu-manylinux2010_x86_64.whl", hash = "sha256:f3861211a450a312b7645d4eaf16c78f1d9e896e58a8c3be871f5881362d3fee"},
    {file = "grpcio_tools-1.35.0-cp35-cp35m-linux_armv7l.whl", hash = "sha256:5fdb6a65f66ee6cdc49455ea03ca435ae86ef1869dc929a8652cc19b5f950d22"},
    {file = "grpcio_tools-1.35.0-cp35-cp35m-macosx_10_10_intel.whl", hash = "sha256:8bfd05f26af9ea069f2f3c48740a315470fc4a434189544fea3b3508b71be9a0"},
    {file = "grpcio_tools-1.35.0-cp35-cp35m-manylinux2010_i686.whl", hash = "sha256:f7074cfd79989424e4bd903ff5618c1420a7c81ad97836256f3927447b74c027"},
    {file = "grpcio_tools-1.35.0-cp35-cp35m-manylinux2010_x86_64.whl", hash = "sha256:adea0bd93978284f1590a3880d79621881f7029b2fac330f64f491af2b554707"},
    {file = "grpcio_tools-1.35.0-cp35-cp35m-manylinux2014_i686.whl", hash = "sha256:b23e0a64cdbf4c3bcdf8e6ad0cdd8b8a582a4c50d5ed4eddc4c81dc8d5ba0c60"},
    {file = "grpcio_tools-1.35.0-cp35-cp35m-manylinux2014_x86_64.whl", hash = "sha256:7cc68c42bcbebd76731686f22870930f110309e1e69244df428f8fb161b7645b"},
    {file = "grpcio_tools-1.35.0-cp35-cp35m-win32.whl", hash = "sha256:aa9cb65231a7efd77e83e149b1905335eda1bbadd301dd1bffcbfea69fd5bd56"},
    {file = "grpcio_tools-1.35.0-cp35-cp35m-win_amd64.whl", hash = "sha256:11e6dffd2e58737ade63a00a51da83b474b5740665914103f003049acff5be8e"},
    {file = "grpcio_tools-1.35.0-cp36-cp36m-linux_armv7l.whl", hash = "sha256:59d80997e780dc52911e263e30ca2334e7b3bd12c10dc81625dcc34273fa744b"},
    {file = "grpcio_tools-1.35.0-cp36-cp36m-macosx_10_10_x86_64.whl", hash = "sha256:179b2eb274d8c29e1e18c21fb69c5101e3196617c7abb193a80e194ea9b274be"},
    {file = "grpcio_tools-1.35.0-cp36-cp36m-manylinux2010_i686.whl", hash = "sha256:1687b0033beff82ac35f14fbbd5e7eb0cab39e60f8be0a25a7f4ba92d66578c8"},
    {file = "grpcio_tools-1.35.0-cp36-cp36m-manylinux2010_x86_64.whl", hash = "sha256:9e956751b1b96ce343088550d155827f8312d85f09067f6ede0a4778273b787b"},
    {file = "grpcio_tools-1.35.0-cp36-cp36m-manylinux2014_i686.whl", hash = "sha256:4ca85f9deee58473c017ee62aaa8c12dfda223eeabed5dd013c009af275bc4f2"},
    {file = "grpcio_tools-1.35.0-cp36-cp36m-manylinux2014_x86_64.whl", hash = "sha256:853d030ff74ce90244bb77c5a8d5c2b2d84b24df477fc422d44fa81d512124d6"},
    {file = "grpcio_tools-1.35.0-cp36-cp36m-win32.whl", hash = "sha256:add160d4697a5366ee1420b59621bde69a3eaaba35170e60bd376f0ea6e24fe5"},
    {file = "grpcio_tools-1.35.0-cp36-cp36m-win_amd64.whl", hash = "sha256:dbaaad0132a9e70439e93d26611443ee3aaaa62547b7d18655ac754b4984ea25"},
    {file = "grpcio_tools-1.35.0-cp37-cp37m-macosx_10_10_x86_64.whl", hash = "sha256:bbc6986e29ab3bb39db9a0e31cdbb0ced80cead2ef0453c40dfdfacbab505950"},
    {file = "grpcio_tools-1.35.0-cp37-cp37m-manylinux2010_i686.whl", hash = "sha256:8631df0e357b28da4ef617306a08f70c21cf85c049849f4a556b95069c146d61"},
    {file = "grpcio_tools-1.35.0-cp37-cp37m-manylinux2010_x86_64.whl", hash = "sha256:a6e2b07dbe25c6022eeae972b4eee2058836dea345a3253082524240a00daa9f"},
    {file = "grpcio_tools-1.35.0-cp37-cp37m-manylinux2014_i686.whl", hash = "sha256:30f83ccc6d09be07d7f15d05f29acd5017140f330ba3a218ae7b7e19db02bda6"},
    {file = "grpcio_tools-1.35.0-cp37-cp37m-manylinux2014_x86_64.whl", hash = "sha256:88184383f24af8f8cbbb4020846af53634d8632b486479a3b98ea29c1470372e"},
    {file = "grpcio_tools-1.35.0-cp37-cp37m-win32.whl", hash = "sha256:579cf4538d8ec25314c45ef84bb140fad8888446ed7a69913965fd7d9bc188d5"},
    {file = "grpcio_tools-1.35.0-cp37-cp37m-win_amd64.whl", hash = "sha256:9203e0105db476131f32ff3c3213b5aa6b77b25553ffe0d09d973913b2320856"},
    {file = "grpcio_tools-1.35.0-cp38-cp38-macosx_10_10_x86_64.whl", hash = "sha256:c910dec8903fb9d16fd1b111de57401a46e4d5f74c6d009a12a945d696603eb0"},
    {file = "grpcio_tools-1.35.0-cp38-cp38-manylinux2010_i686.whl", hash = "sha256:cc9bcd34a653c2353dd43fc395ceb560271551f2fae30bcafede2e4ad0c101c4"},
    {file = "grpcio_tools-1.35.0-cp38-cp38-manylinux2010_x86_64.whl", hash = "sha256:4241301b8e594c5c265f06c600b492372e867a4bb80dc205b545088c39e010d0"},
    {file = "grpcio_tools-1.35.0-cp38-cp38-manylinux2014_i686.whl", hash = "sha256:8bae2611a8e09617922ff4cb11de6fd5f59b91c75a14a318c7d378f427584be1"},
    {file = "grpcio_tools-1.35.0-cp38-cp38-manylinux2014_x86_64.whl", hash = "sha256:0d5028f548fa2b99494baf992dd0e23676361b1a217322be44f6c13b5133f6b3"},
    {file = "grpcio_tools-1.35.0-cp38-cp38-win32.whl", hash = "sha256:8d2c507c093a0ae3df62201ef92ceabcc34ac3f7e53026f12357f8c3641e809a"},
    {file = "grpcio_tools-1.35.0-cp38-cp38-win_amd64.whl", hash = "sha256:994adfe39a1755424e3c33c434786a9fa65090a50515303dfa8125cbec4a5940"},
    {file = "grpcio_tools-1.35.0-cp39-cp39-macosx_10_10_x86_64.whl", hash = "sha256:51bf36ae34f70a8d6ccee5d9d2e52a9e65251670b405f91b7b547a73788f90fb"},
    {file = "grpcio_tools-1.35.0-cp39-cp39-manylinux2010_i686.whl", hash = "sha256:e00dc8d641001409963f78b0b8bf83834eb87c0090357ebc862f874dd0e6dbb5"},
    {file = "grpcio_tools-1.35.0-cp39-cp39-manylinux2010_x86_64.whl", hash = "sha256:5f279dee8b77bf93996592ada3bf56ad44fa9b0e780099172f1a7093a506eb67"},
    {file = "grpcio_tools-1.35.0-cp39-cp39-manylinux2014_i686.whl", hash = "sha256:713b496dd02fc868da0d59cc09536c62452d52035d0b694204d5054e75fe4929"},
    {file = "grpcio_tools-1.35.0-cp39-cp39-manylinux2014_x86_64.whl", hash = "sha256:15fa3c66e6b0ba2e434eccf8cdbce68e4e37b5fe440dbeffb9efd599aa23910f"},
    {file = "grpcio_tools-1.35.0-cp39-cp39-win32.whl", hash = "sha256:ee0f750b5d8d628349e903438bb506196c4c5cee0007e81800d95cd0a2b23e6f"},
    {file = "grpcio_tools-1.35.0-cp39-cp39-win_amd64.whl", hash = "sha256:c8451c60e106310436c123f3243c115db21ccb957402edbe73b1bb68276e4aa4"},
]
icecream = [
    {file = "icecream-2.1.0-py2.py3-none-any.whl", hash = "sha256:4c441862751e9a8b52c1a5b551056a3430361230b8c845a7953f8b6e400a4f27"},
    {file = "icecream-2.1.0.tar.gz", hash = "sha256:c2e7b74c1c12caa2cfde050f2e636493ee77a9fb4a494b5593418ab359924a24"},
]
importlib-metadata = [
    {file = "importlib_metadata-3.4.0-py3-none-any.whl", hash = "sha256:ace61d5fc652dc280e7b6b4ff732a9c2d40db2c0f92bc6cb74e07b73d53a1771"},
    {file = "importlib_metadata-3.4.0.tar.gz", hash = "sha256:fa5daa4477a7414ae34e95942e4dd07f62adf589143c875c133c1e53c4eff38d"},
]
ipdb = [
    {file = "ipdb-0.13.4.tar.gz", hash = "sha256:c85398b5fb82f82399fc38c44fe3532c0dde1754abee727d8f5cfcc74547b334"},
]
ipython = [
    {file = "ipython-7.16.1-py3-none-any.whl", hash = "sha256:2dbcc8c27ca7d3cfe4fcdff7f45b27f9a8d3edfa70ff8024a71c7a8eb5f09d64"},
    {file = "ipython-7.16.1.tar.gz", hash = "sha256:9f4fcb31d3b2c533333893b9172264e4821c1ac91839500f31bd43f2c59b3ccf"},
]
ipython-genutils = [
    {file = "ipython_genutils-0.2.0-py2.py3-none-any.whl", hash = "sha256:72dd37233799e619666c9f639a9da83c34013a73e8bbc79a7a6348d93c61fab8"},
    {file = "ipython_genutils-0.2.0.tar.gz", hash = "sha256:eb2e116e75ecef9d4d228fdc66af54269afa26ab4463042e33785b887c628ba8"},
]
isort = [
    {file = "isort-5.7.0-py3-none-any.whl", hash = "sha256:fff4f0c04e1825522ce6949973e83110a6e907750cd92d128b0d14aaaadbffdc"},
    {file = "isort-5.7.0.tar.gz", hash = "sha256:c729845434366216d320e936b8ad6f9d681aab72dc7cbc2d51bedc3582f3ad1e"},
]
jedi = [
    {file = "jedi-0.18.0-py2.py3-none-any.whl", hash = "sha256:18456d83f65f400ab0c2d3319e48520420ef43b23a086fdc05dff34132f0fb93"},
    {file = "jedi-0.18.0.tar.gz", hash = "sha256:92550a404bad8afed881a137ec9a461fed49eca661414be45059329614ed0707"},
]
lazy-object-proxy = [
    {file = "lazy-object-proxy-1.4.3.tar.gz", hash = "sha256:f3900e8a5de27447acbf900b4750b0ddfd7ec1ea7fbaf11dfa911141bc522af0"},
    {file = "lazy_object_proxy-1.4.3-cp27-cp27m-macosx_10_13_x86_64.whl", hash = "sha256:a2238e9d1bb71a56cd710611a1614d1194dc10a175c1e08d75e1a7bcc250d442"},
    {file = "lazy_object_proxy-1.4.3-cp27-cp27m-win32.whl", hash = "sha256:efa1909120ce98bbb3777e8b6f92237f5d5c8ea6758efea36a473e1d38f7d3e4"},
    {file = "lazy_object_proxy-1.4.3-cp27-cp27m-win_amd64.whl", hash = "sha256:4677f594e474c91da97f489fea5b7daa17b5517190899cf213697e48d3902f5a"},
    {file = "lazy_object_proxy-1.4.3-cp27-cp27mu-manylinux1_x86_64.whl", hash = "sha256:0c4b206227a8097f05c4dbdd323c50edf81f15db3b8dc064d08c62d37e1a504d"},
    {file = "lazy_object_proxy-1.4.3-cp34-cp34m-manylinux1_x86_64.whl", hash = "sha256:d945239a5639b3ff35b70a88c5f2f491913eb94871780ebfabb2568bd58afc5a"},
    {file = "lazy_object_proxy-1.4.3-cp34-cp34m-win32.whl", hash = "sha256:9651375199045a358eb6741df3e02a651e0330be090b3bc79f6d0de31a80ec3e"},
    {file = "lazy_object_proxy-1.4.3-cp34-cp34m-win_amd64.whl", hash = "sha256:eba7011090323c1dadf18b3b689845fd96a61ba0a1dfbd7f24b921398affc357"},
    {file = "lazy_object_proxy-1.4.3-cp35-cp35m-manylinux1_x86_64.whl", hash = "sha256:48dab84ebd4831077b150572aec802f303117c8cc5c871e182447281ebf3ac50"},
    {file = "lazy_object_proxy-1.4.3-cp35-cp35m-win32.whl", hash = "sha256:ca0a928a3ddbc5725be2dd1cf895ec0a254798915fb3a36af0964a0a4149e3db"},
    {file = "lazy_object_proxy-1.4.3-cp35-cp35m-win_amd64.whl", hash = "sha256:194d092e6f246b906e8f70884e620e459fc54db3259e60cf69a4d66c3fda3449"},
    {file = "lazy_object_proxy-1.4.3-cp36-cp36m-manylinux1_x86_64.whl", hash = "sha256:97bb5884f6f1cdce0099f86b907aa41c970c3c672ac8b9c8352789e103cf3156"},
    {file = "lazy_object_proxy-1.4.3-cp36-cp36m-win32.whl", hash = "sha256:cb2c7c57005a6804ab66f106ceb8482da55f5314b7fcb06551db1edae4ad1531"},
    {file = "lazy_object_proxy-1.4.3-cp36-cp36m-win_amd64.whl", hash = "sha256:8d859b89baf8ef7f8bc6b00aa20316483d67f0b1cbf422f5b4dc56701c8f2ffb"},
    {file = "lazy_object_proxy-1.4.3-cp37-cp37m-macosx_10_13_x86_64.whl", hash = "sha256:1be7e4c9f96948003609aa6c974ae59830a6baecc5376c25c92d7d697e684c08"},
    {file = "lazy_object_proxy-1.4.3-cp37-cp37m-manylinux1_x86_64.whl", hash = "sha256:d74bb8693bf9cf75ac3b47a54d716bbb1a92648d5f781fc799347cfc95952383"},
    {file = "lazy_object_proxy-1.4.3-cp37-cp37m-win32.whl", hash = "sha256:9b15f3f4c0f35727d3a0fba4b770b3c4ebbb1fa907dbcc046a1d2799f3edd142"},
    {file = "lazy_object_proxy-1.4.3-cp37-cp37m-win_amd64.whl", hash = "sha256:9254f4358b9b541e3441b007a0ea0764b9d056afdeafc1a5569eee1cc6c1b9ea"},
    {file = "lazy_object_proxy-1.4.3-cp38-cp38-manylinux1_x86_64.whl", hash = "sha256:a6ae12d08c0bf9909ce12385803a543bfe99b95fe01e752536a60af2b7797c62"},
    {file = "lazy_object_proxy-1.4.3-cp38-cp38-win32.whl", hash = "sha256:5541cada25cd173702dbd99f8e22434105456314462326f06dba3e180f203dfd"},
    {file = "lazy_object_proxy-1.4.3-cp38-cp38-win_amd64.whl", hash = "sha256:59f79fef100b09564bc2df42ea2d8d21a64fdcda64979c0fa3db7bdaabaf6239"},
]
mccabe = [
    {file = "mccabe-0.6.1-py2.py3-none-any.whl", hash = "sha256:ab8a6258860da4b6677da4bd2fe5dc2c659cff31b3ee4f7f5d64e79735b80d42"},
    {file = "mccabe-0.6.1.tar.gz", hash = "sha256:dd8d182285a0fe56bace7f45b5e7d1a6ebcbf524e8f3bd87eb0f125271b8831f"},
]
more-itertools = [
    {file = "more-itertools-8.6.0.tar.gz", hash = "sha256:b3a9005928e5bed54076e6e549c792b306fddfe72b2d1d22dd63d42d5d3899cf"},
    {file = "more_itertools-8.6.0-py3-none-any.whl", hash = "sha256:8e1a2a43b2f2727425f2b5839587ae37093f19153dc26c0927d1048ff6557330"},
]
packaging = [
    {file = "packaging-20.9-py2.py3-none-any.whl", hash = "sha256:67714da7f7bc052e064859c05c595155bd1ee9f69f76557e21f051443c20947a"},
    {file = "packaging-20.9.tar.gz", hash = "sha256:5b327ac1320dc863dca72f4514ecc086f31186744b84a230374cc1fd776feae5"},
]
parso = [
    {file = "parso-0.8.1-py2.py3-none-any.whl", hash = "sha256:15b00182f472319383252c18d5913b69269590616c947747bc50bf4ac768f410"},
    {file = "parso-0.8.1.tar.gz", hash = "sha256:8519430ad07087d4c997fda3a7918f7cfa27cb58972a8c89c2a0295a1c940e9e"},
]
pexpect = [
    {file = "pexpect-4.8.0-py2.py3-none-any.whl", hash = "sha256:0b48a55dcb3c05f3329815901ea4fc1537514d6ba867a152b581d69ae3710937"},
    {file = "pexpect-4.8.0.tar.gz", hash = "sha256:fc65a43959d153d0114afe13997d439c22823a27cefceb5ff35c2178c6784c0c"},
]
pickleshare = [
    {file = "pickleshare-0.7.5-py2.py3-none-any.whl", hash = "sha256:9649af414d74d4df115d5d718f82acb59c9d418196b7b4290ed47a12ce62df56"},
    {file = "pickleshare-0.7.5.tar.gz", hash = "sha256:87683d47965c1da65cdacaf31c8441d12b8044cdec9aca500cd78fc2c683afca"},
]
pluggy = [
    {file = "pluggy-0.13.1-py2.py3-none-any.whl", hash = "sha256:966c145cd83c96502c3c3868f50408687b38434af77734af1e9ca461a4081d2d"},
    {file = "pluggy-0.13.1.tar.gz", hash = "sha256:15b2acde666561e1298d71b523007ed7364de07029219b604cf808bfa1c765b0"},
]
prompt-toolkit = [
    {file = "prompt_toolkit-3.0.3-py3-none-any.whl", hash = "sha256:c93e53af97f630f12f5f62a3274e79527936ed466f038953dfa379d4941f651a"},
    {file = "prompt_toolkit-3.0.3.tar.gz", hash = "sha256:a402e9bf468b63314e37460b68ba68243d55b2f8c4d0192f85a019af3945050e"},
]
protobuf = [
    {file = "protobuf-3.14.0-cp27-cp27m-macosx_10_9_x86_64.whl", hash = "sha256:629b03fd3caae7f815b0c66b41273f6b1900a579e2ccb41ef4493a4f5fb84f3a"},
    {file = "protobuf-3.14.0-cp27-cp27mu-manylinux1_x86_64.whl", hash = "sha256:5b7a637212cc9b2bcf85dd828b1178d19efdf74dbfe1ddf8cd1b8e01fdaaa7f5"},
    {file = "protobuf-3.14.0-cp35-cp35m-macosx_10_9_intel.whl", hash = "sha256:43b554b9e73a07ba84ed6cf25db0ff88b1e06be610b37656e292e3cbb5437472"},
    {file = "protobuf-3.14.0-cp35-cp35m-manylinux1_x86_64.whl", hash = "sha256:5e9806a43232a1fa0c9cf5da8dc06f6910d53e4390be1fa06f06454d888a9142"},
    {file = "protobuf-3.14.0-cp35-cp35m-win32.whl", hash = "sha256:1c51fda1bbc9634246e7be6016d860be01747354ed7015ebe38acf4452f470d2"},
    {file = "protobuf-3.14.0-cp35-cp35m-win_amd64.whl", hash = "sha256:4b74301b30513b1a7494d3055d95c714b560fbb630d8fb9956b6f27992c9f980"},
    {file = "protobuf-3.14.0-cp36-cp36m-macosx_10_9_x86_64.whl", hash = "sha256:86a75477addde4918e9a1904e5c6af8d7b691f2a3f65587d73b16100fbe4c3b2"},
    {file = "protobuf-3.14.0-cp36-cp36m-manylinux1_x86_64.whl", hash = "sha256:ecc33531a213eee22ad60e0e2aaea6c8ba0021f0cce35dbf0ab03dee6e2a23a1"},
    {file = "protobuf-3.14.0-cp36-cp36m-win32.whl", hash = "sha256:72230ed56f026dd664c21d73c5db73ebba50d924d7ba6b7c0d81a121e390406e"},
    {file = "protobuf-3.14.0-cp36-cp36m-win_amd64.whl", hash = "sha256:0fc96785262042e4863b3f3b5c429d4636f10d90061e1840fce1baaf59b1a836"},
    {file = "protobuf-3.14.0-cp37-cp37m-macosx_10_9_x86_64.whl", hash = "sha256:4e75105c9dfe13719b7293f75bd53033108f4ba03d44e71db0ec2a0e8401eafd"},
    {file = "protobuf-3.14.0-cp37-cp37m-manylinux1_x86_64.whl", hash = "sha256:2a7e2fe101a7ace75e9327b9c946d247749e564a267b0515cf41dfe450b69bac"},
    {file = "protobuf-3.14.0-cp37-cp37m-win32.whl", hash = "sha256:b0d5d35faeb07e22a1ddf8dce620860c8fe145426c02d1a0ae2688c6e8ede36d"},
    {file = "protobuf-3.14.0-cp37-cp37m-win_amd64.whl", hash = "sha256:8971c421dbd7aad930c9bd2694122f332350b6ccb5202a8b7b06f3f1a5c41ed5"},
    {file = "protobuf-3.14.0-cp38-cp38-macosx_10_9_x86_64.whl", hash = "sha256:9616f0b65a30851e62f1713336c931fcd32c057202b7ff2cfbfca0fc7d5e3043"},
    {file = "protobuf-3.14.0-cp38-cp38-manylinux1_x86_64.whl", hash = "sha256:22bcd2e284b3b1d969c12e84dc9b9a71701ec82d8ce975fdda19712e1cfd4e00"},
    {file = "protobuf-3.14.0-py2.py3-none-any.whl", hash = "sha256:0e247612fadda953047f53301a7b0407cb0c3cb4ae25a6fde661597a04039b3c"},
    {file = "protobuf-3.14.0.tar.gz", hash = "sha256:1d63eb389347293d8915fb47bee0951c7b5dab522a4a60118b9a18f33e21f8ce"},
]
protoc-gen-swagger = [
    {file = "protoc_gen_swagger-0.1.0-py2.py3-none-any.whl", hash = "sha256:cdc043da538865f055a7f22b304a35085cef269dc33e2f3408b12d397e8d8b4b"},
]
ptyprocess = [
    {file = "ptyprocess-0.7.0-py2.py3-none-any.whl", hash = "sha256:4b41f3967fce3af57cc7e94b888626c18bf37a083e3651ca8feeb66d492fef35"},
    {file = "ptyprocess-0.7.0.tar.gz", hash = "sha256:5c5d0a3b48ceee0b48485e0c26037c0acd7d29765ca3fbb5cb3831d347423220"},
]
py = [
    {file = "py-1.10.0-py2.py3-none-any.whl", hash = "sha256:3b80836aa6d1feeaa108e046da6423ab8f6ceda6468545ae8d02d9d58d18818a"},
    {file = "py-1.10.0.tar.gz", hash = "sha256:21b81bda15b66ef5e1a777a21c4dcd9c20ad3efd0b3f817e7a809035269e1bd3"},
]
pygments = [
    {file = "Pygments-2.7.4-py3-none-any.whl", hash = "sha256:bc9591213a8f0e0ca1a5e68a479b4887fdc3e75d0774e5c71c31920c427de435"},
    {file = "Pygments-2.7.4.tar.gz", hash = "sha256:df49d09b498e83c1a73128295860250b0b7edd4c723a32e9bc0d295c7c2ec337"},
]
pylint = [
    {file = "pylint-2.6.0-py3-none-any.whl", hash = "sha256:bfe68f020f8a0fece830a22dd4d5dddb4ecc6137db04face4c3420a46a52239f"},
    {file = "pylint-2.6.0.tar.gz", hash = "sha256:bb4a908c9dadbc3aac18860550e870f58e1a02c9f2c204fdf5693d73be061210"},
]
pyparsing = [
    {file = "pyparsing-2.4.7-py2.py3-none-any.whl", hash = "sha256:ef9d7589ef3c200abe66653d3f1ab1033c3c419ae9b9bdb1240a85b024efc88b"},
    {file = "pyparsing-2.4.7.tar.gz", hash = "sha256:c203ec8783bf771a155b207279b9bccb8dea02d8f0c9e5f8ead507bc3246ecc1"},
]
pytest = [
    {file = "pytest-5.4.3-py3-none-any.whl", hash = "sha256:5c0db86b698e8f170ba4582a492248919255fcd4c79b1ee64ace34301fb589a1"},
    {file = "pytest-5.4.3.tar.gz", hash = "sha256:7979331bfcba207414f5e1263b5a0f8f521d0f457318836a7355531ed1a4c7d8"},
]
pytz = [
    {file = "pytz-2021.1-py2.py3-none-any.whl", hash = "sha256:eb10ce3e7736052ed3623d49975ce333bcd712c7bb19a58b9e2089d4057d0798"},
    {file = "pytz-2021.1.tar.gz", hash = "sha256:83a4a90894bf38e243cf052c8b58f381bfe9a7a483f6a9cab140bc7f702ac4da"},
]
six = [
    {file = "six-1.15.0-py2.py3-none-any.whl", hash = "sha256:8b74bedcbbbaca38ff6d7491d76f2b06b3592611af620f8426e82dddb04a5ced"},
    {file = "six-1.15.0.tar.gz", hash = "sha256:30639c035cdb23534cd4aa2dd52c3bf48f06e5f4a941509c8bafd8ce11080259"},
]
sqlparse = [
    {file = "sqlparse-0.4.1-py3-none-any.whl", hash = "sha256:017cde379adbd6a1f15a61873f43e8274179378e95ef3fede90b5aa64d304ed0"},
    {file = "sqlparse-0.4.1.tar.gz", hash = "sha256:0f91fd2e829c44362cbcfab3e9ae12e22badaa8a29ad5ff599f9ec109f0454e8"},
]
toml = [
    {file = "toml-0.10.2-py2.py3-none-any.whl", hash = "sha256:806143ae5bfb6a3c6e736a764057db0e6a0e05e338b5630894a5f779cabb4f9b"},
    {file = "toml-0.10.2.tar.gz", hash = "sha256:b3bda1d108d5dd99f4a20d24d9c348e91c4db7ab1b749200bded2f839ccbe68f"},
]
traitlets = [
    {file = "traitlets-4.3.3-py2.py3-none-any.whl", hash = "sha256:70b4c6a1d9019d7b4f6846832288f86998aa3b9207c6821f3578a6a6a467fe44"},
    {file = "traitlets-4.3.3.tar.gz", hash = "sha256:d023ee369ddd2763310e4c3eae1ff649689440d4ae59d7485eb4cfbbe3e359f7"},
]
typed-ast = [
    {file = "typed_ast-1.4.2-cp35-cp35m-manylinux1_i686.whl", hash = "sha256:7703620125e4fb79b64aa52427ec192822e9f45d37d4b6625ab37ef403e1df70"},
    {file = "typed_ast-1.4.2-cp35-cp35m-manylinux1_x86_64.whl", hash = "sha256:c9aadc4924d4b5799112837b226160428524a9a45f830e0d0f184b19e4090487"},
    {file = "typed_ast-1.4.2-cp35-cp35m-manylinux2014_aarch64.whl", hash = "sha256:9ec45db0c766f196ae629e509f059ff05fc3148f9ffd28f3cfe75d4afb485412"},
    {file = "typed_ast-1.4.2-cp35-cp35m-win32.whl", hash = "sha256:85f95aa97a35bdb2f2f7d10ec5bbdac0aeb9dafdaf88e17492da0504de2e6400"},
    {file = "typed_ast-1.4.2-cp35-cp35m-win_amd64.whl", hash = "sha256:9044ef2df88d7f33692ae3f18d3be63dec69c4fb1b5a4a9ac950f9b4ba571606"},
    {file = "typed_ast-1.4.2-cp36-cp36m-macosx_10_9_x86_64.whl", hash = "sha256:c1c876fd795b36126f773db9cbb393f19808edd2637e00fd6caba0e25f2c7b64"},
    {file = "typed_ast-1.4.2-cp36-cp36m-manylinux1_i686.whl", hash = "sha256:5dcfc2e264bd8a1db8b11a892bd1647154ce03eeba94b461effe68790d8b8e07"},
    {file = "typed_ast-1.4.2-cp36-cp36m-manylinux1_x86_64.whl", hash = "sha256:8db0e856712f79c45956da0c9a40ca4246abc3485ae0d7ecc86a20f5e4c09abc"},
    {file = "typed_ast-1.4.2-cp36-cp36m-manylinux2014_aarch64.whl", hash = "sha256:d003156bb6a59cda9050e983441b7fa2487f7800d76bdc065566b7d728b4581a"},
    {file = "typed_ast-1.4.2-cp36-cp36m-win32.whl", hash = "sha256:4c790331247081ea7c632a76d5b2a265e6d325ecd3179d06e9cf8d46d90dd151"},
    {file = "typed_ast-1.4.2-cp36-cp36m-win_amd64.whl", hash = "sha256:d175297e9533d8d37437abc14e8a83cbc68af93cc9c1c59c2c292ec59a0697a3"},
    {file = "typed_ast-1.4.2-cp37-cp37m-macosx_10_9_x86_64.whl", hash = "sha256:cf54cfa843f297991b7388c281cb3855d911137223c6b6d2dd82a47ae5125a41"},
    {file = "typed_ast-1.4.2-cp37-cp37m-manylinux1_i686.whl", hash = "sha256:b4fcdcfa302538f70929eb7b392f536a237cbe2ed9cba88e3bf5027b39f5f77f"},
    {file = "typed_ast-1.4.2-cp37-cp37m-manylinux1_x86_64.whl", hash = "sha256:987f15737aba2ab5f3928c617ccf1ce412e2e321c77ab16ca5a293e7bbffd581"},
    {file = "typed_ast-1.4.2-cp37-cp37m-manylinux2014_aarch64.whl", hash = "sha256:37f48d46d733d57cc70fd5f30572d11ab8ed92da6e6b28e024e4a3edfb456e37"},
    {file = "typed_ast-1.4.2-cp37-cp37m-win32.whl", hash = "sha256:36d829b31ab67d6fcb30e185ec996e1f72b892255a745d3a82138c97d21ed1cd"},
    {file = "typed_ast-1.4.2-cp37-cp37m-win_amd64.whl", hash = "sha256:8368f83e93c7156ccd40e49a783a6a6850ca25b556c0fa0240ed0f659d2fe496"},
    {file = "typed_ast-1.4.2-cp38-cp38-macosx_10_9_x86_64.whl", hash = "sha256:963c80b583b0661918718b095e02303d8078950b26cc00b5e5ea9ababe0de1fc"},
    {file = "typed_ast-1.4.2-cp38-cp38-manylinux1_i686.whl", hash = "sha256:e683e409e5c45d5c9082dc1daf13f6374300806240719f95dc783d1fc942af10"},
    {file = "typed_ast-1.4.2-cp38-cp38-manylinux1_x86_64.whl", hash = "sha256:84aa6223d71012c68d577c83f4e7db50d11d6b1399a9c779046d75e24bed74ea"},
    {file = "typed_ast-1.4.2-cp38-cp38-manylinux2014_aarch64.whl", hash = "sha256:a38878a223bdd37c9709d07cd357bb79f4c760b29210e14ad0fb395294583787"},
    {file = "typed_ast-1.4.2-cp38-cp38-win32.whl", hash = "sha256:a2c927c49f2029291fbabd673d51a2180038f8cd5a5b2f290f78c4516be48be2"},
    {file = "typed_ast-1.4.2-cp38-cp38-win_amd64.whl", hash = "sha256:c0c74e5579af4b977c8b932f40a5464764b2f86681327410aa028a22d2f54937"},
    {file = "typed_ast-1.4.2-cp39-cp39-macosx_10_9_x86_64.whl", hash = "sha256:07d49388d5bf7e863f7fa2f124b1b1d89d8aa0e2f7812faff0a5658c01c59aa1"},
    {file = "typed_ast-1.4.2-cp39-cp39-manylinux1_i686.whl", hash = "sha256:240296b27397e4e37874abb1df2a608a92df85cf3e2a04d0d4d61055c8305ba6"},
    {file = "typed_ast-1.4.2-cp39-cp39-manylinux1_x86_64.whl", hash = "sha256:d746a437cdbca200622385305aedd9aef68e8a645e385cc483bdc5e488f07166"},
    {file = "typed_ast-1.4.2-cp39-cp39-manylinux2014_aarch64.whl", hash = "sha256:14bf1522cdee369e8f5581238edac09150c765ec1cb33615855889cf33dcb92d"},
    {file = "typed_ast-1.4.2-cp39-cp39-win32.whl", hash = "sha256:cc7b98bf58167b7f2db91a4327da24fb93368838eb84a44c472283778fc2446b"},
    {file = "typed_ast-1.4.2-cp39-cp39-win_amd64.whl", hash = "sha256:7147e2a76c75f0f64c4319886e7639e490fee87c9d25cb1d4faef1d8cf83a440"},
    {file = "typed_ast-1.4.2.tar.gz", hash = "sha256:9fc0b3cb5d1720e7141d103cf4819aea239f7d136acf9ee4a69b047b7986175a"},
]
typing-extensions = [
    {file = "typing_extensions-3.7.4.3-py2-none-any.whl", hash = "sha256:dafc7639cde7f1b6e1acc0f457842a83e722ccca8eef5270af2d74792619a89f"},
    {file = "typing_extensions-3.7.4.3-py3-none-any.whl", hash = "sha256:7cb407020f00f7bfc3cb3e7881628838e69d8f3fcab2f64742a5e76b2f841918"},
    {file = "typing_extensions-3.7.4.3.tar.gz", hash = "sha256:99d4073b617d30288f569d3f13d2bd7548c3a7e4c8de87db09a9d29bb3a4a60c"},
]
wcwidth = [
    {file = "wcwidth-0.2.5-py2.py3-none-any.whl", hash = "sha256:beb4802a9cebb9144e99086eff703a642a13d6a0052920003a230f3294bbe784"},
    {file = "wcwidth-0.2.5.tar.gz", hash = "sha256:c4d647b99872929fdb7bdcaa4fbe7f01413ed3d98077df798530e5b04f116c83"},
]
wrapt = [
    {file = "wrapt-1.12.1.tar.gz", hash = "sha256:b62ffa81fb85f4332a4f609cab4ac40709470da05643a082ec1eb88e6d9b97d7"},
]
zipp = [
    {file = "zipp-3.4.0-py3-none-any.whl", hash = "sha256:102c24ef8f171fd729d46599845e95c7ab894a4cf45f5de11a44cc7444fb1108"},
    {file = "zipp-3.4.0.tar.gz", hash = "sha256:ed5eee1974372595f9e416cc7bbeeb12335201d8081ca8a0743c954d4446e5cb"},
]
